
Microsoft Visual Studio Solution File, Format Version 12.00
# Visual Studio 15
VisualStudioVersion = 15.0.28307.168
MinimumVisualStudioVersion = 10.0.40219.1
Project("{FAE04EC0-301F-11D3-BF4B-00C04F79EFBC}") = "exampleNET", "exampleNET\exampleNET.csproj", "{7C34A8AC-2F33-492E-A209-6FFAE3E39C2C}"
EndProject
Project("{FAE04EC0-301F-11D3-BF4B-00C04F79EFBC}") = "ExampleTest", "Example.Test\ExampleTest.csproj", "{F94540B7-B9A6-4955-8867-B18C8C49FE83}"
EndProject
Global
	GlobalSection(SolutionConfigurationPlatforms) = preSolution
		Debug|Any CPU = Debug|Any CPU
		Release|Any CPU = Release|Any CPU
	EndGlobalSection
	GlobalSection(ProjectConfigurationPlatforms) = postSolution
		{7C34A8AC-2F33-492E-A209-6FFAE3E39C2C}.Debug|Any CPU.ActiveCfg = Debug|Any CPU
		{7C34A8AC-2F33-492E-A209-6FFAE3E39C2C}.Debug|Any CPU.Build.0 = Debug|Any CPU
		{7C34A8AC-2F33-492E-A209-6FFAE3E39C2C}.Release|Any CPU.ActiveCfg = Release|Any CPU
		{7C34A8AC-2F33-492E-A209-6FFAE3E39C2C}.Release|Any CPU.Build.0 = Release|Any CPU
		{F94540B7-B9A6-4955-8867-B18C8C49FE83}.Debug|Any CPU.ActiveCfg = Debug|Any CPU
		{F94540B7-B9A6-4955-8867-B18C8C49FE83}.Debug|Any CPU.Build.0 = Debug|Any CPU
		{F94540B7-B9A6-4955-8867-B18C8C49FE83}.Release|Any CPU.ActiveCfg = Release|Any CPU
		{F94540B7-B9A6-4955-8867-B18C8C49FE83}.Release|Any CPU.Build.0 = Release|Any CPU
	EndGlobalSection
	GlobalSection(SolutionProperties) = preSolution
		HideSolutionNode = FALSE
	EndGlobalSection
	GlobalSection(ExtensibilityGlobals) = postSolution
		SolutionGuid = {2D81641A-0EC9-4500-873A-689EEE3C4888}
	EndGlobalSection
EndGlobal
